
Microsoft Visual Studio Solution File, Format Version 12.00
# Visual Studio Version 16
VisualStudioVersion = 16.0.31729.503
MinimumVisualStudioVersion = 10.0.40219.1
Project("{FAE04EC0-301F-11D3-BF4B-00C04F79EFBC}") = "Междувалутен конвертор", "Междувалутен конвертор.csproj", "{F8666189-2258-46B2-B329-AEFCB9E7FD82}"
EndProject
Global
	GlobalSection(SolutionConfigurationPlatforms) = preSolution
		Debug|Any CPU = Debug|Any CPU
		Release|Any CPU = Release|Any CPU
	EndGlobalSection
	GlobalSection(ProjectConfigurationPlatforms) = postSolution
		{F8666189-2258-46B2-B329-AEFCB9E7FD82}.Debug|Any CPU.ActiveCfg = Debug|Any CPU
		{F8666189-2258-46B2-B329-AEFCB9E7FD82}.Debug|Any CPU.Build.0 = Debug|Any CPU
		{F8666189-2258-46B2-B329-AEFCB9E7FD82}.Release|Any CPU.ActiveCfg = Release|Any CPU
		{F8666189-2258-46B2-B329-AEFCB9E7FD82}.Release|Any CPU.Build.0 = Release|Any CPU
	EndGlobalSection
	GlobalSection(SolutionProperties) = preSolution
		HideSolutionNode = FALSE
	EndGlobalSection
	GlobalSection(ExtensibilityGlobals) = postSolution
		SolutionGuid = {4486A271-E716-4C5C-9849-37911B71C9D6}
	EndGlobalSection
EndGlobal
