
Microsoft Visual Studio Solution File, Format Version 12.00
# Visual Studio Version 16
VisualStudioVersion = 16.0.31729.503
MinimumVisualStudioVersion = 10.0.40219.1
Project("{FAE04EC0-301F-11D3-BF4B-00C04F79EFBC}") = "От инчове към сантиметри", "От инчове към сантиметри.csproj", "{27689D08-EDA8-4347-B6B4-03A5E44D478C}"
EndProject
Global
	GlobalSection(SolutionConfigurationPlatforms) = preSolution
		Debug|Any CPU = Debug|Any CPU
		Release|Any CPU = Release|Any CPU
	EndGlobalSection
	GlobalSection(ProjectConfigurationPlatforms) = postSolution
		{27689D08-EDA8-4347-B6B4-03A5E44D478C}.Debug|Any CPU.ActiveCfg = Debug|Any CPU
		{27689D08-EDA8-4347-B6B4-03A5E44D478C}.Debug|Any CPU.Build.0 = Debug|Any CPU
		{27689D08-EDA8-4347-B6B4-03A5E44D478C}.Release|Any CPU.ActiveCfg = Release|Any CPU
		{27689D08-EDA8-4347-B6B4-03A5E44D478C}.Release|Any CPU.Build.0 = Release|Any CPU
	EndGlobalSection
	GlobalSection(SolutionProperties) = preSolution
		HideSolutionNode = FALSE
	EndGlobalSection
	GlobalSection(ExtensibilityGlobals) = postSolution
		SolutionGuid = {8239DF02-F7A1-4413-87D6-4CC88E825AE9}
	EndGlobalSection
EndGlobal
