
Microsoft Visual Studio Solution File, Format Version 12.00
# Visual Studio Version 16
VisualStudioVersion = 16.0.31729.503
MinimumVisualStudioVersion = 10.0.40219.1
Project("{FAE04EC0-301F-11D3-BF4B-00C04F79EFBC}") = "Лице на правоъгълник в равнината", "Лице на правоъгълник в равнината.csproj", "{2EA778AC-1948-452A-B23E-A290E95FA5C1}"
EndProject
Global
	GlobalSection(SolutionConfigurationPlatforms) = preSolution
		Debug|Any CPU = Debug|Any CPU
		Release|Any CPU = Release|Any CPU
	EndGlobalSection
	GlobalSection(ProjectConfigurationPlatforms) = postSolution
		{2EA778AC-1948-452A-B23E-A290E95FA5C1}.Debug|Any CPU.ActiveCfg = Debug|Any CPU
		{2EA778AC-1948-452A-B23E-A290E95FA5C1}.Debug|Any CPU.Build.0 = Debug|Any CPU
		{2EA778AC-1948-452A-B23E-A290E95FA5C1}.Release|Any CPU.ActiveCfg = Release|Any CPU
		{2EA778AC-1948-452A-B23E-A290E95FA5C1}.Release|Any CPU.Build.0 = Release|Any CPU
	EndGlobalSection
	GlobalSection(SolutionProperties) = preSolution
		HideSolutionNode = FALSE
	EndGlobalSection
	GlobalSection(ExtensibilityGlobals) = postSolution
		SolutionGuid = {A23AE6E3-94BE-465C-B427-CE2086BF37EB}
	EndGlobalSection
EndGlobal
